
Microsoft Visual Studio Solution File, Format Version 12.00
# Visual Studio Version 17
VisualStudioVersion = 17.8.34330.188
MinimumVisualStudioVersion = 10.0.40219.1
Project("{FAE04EC0-301F-11D3-BF4B-00C04F79EFBC}") = "AndreyForm", "AndreyForm\AndreyForm.csproj", "{DFEB51DB-57D4-4610-924F-0F5D68F94411}"
EndProject
Global
	GlobalSection(SolutionConfigurationPlatforms) = preSolution
		Debug|Any CPU = Debug|Any CPU
		Release|Any CPU = Release|Any CPU
	EndGlobalSection
	GlobalSection(ProjectConfigurationPlatforms) = postSolution
		{DFEB51DB-57D4-4610-924F-0F5D68F94411}.Debug|Any CPU.ActiveCfg = Debug|Any CPU
		{DFEB51DB-57D4-4610-924F-0F5D68F94411}.Debug|Any CPU.Build.0 = Debug|Any CPU
		{DFEB51DB-57D4-4610-924F-0F5D68F94411}.Release|Any CPU.ActiveCfg = Release|Any CPU
		{DFEB51DB-57D4-4610-924F-0F5D68F94411}.Release|Any CPU.Build.0 = Release|Any CPU
	EndGlobalSection
	GlobalSection(SolutionProperties) = preSolution
		HideSolutionNode = FALSE
	EndGlobalSection
	GlobalSection(ExtensibilityGlobals) = postSolution
		SolutionGuid = {E5511D96-A62D-4C21-8B62-7C80CA85069B}
	EndGlobalSection
EndGlobal
